<Solution>
  <Project Path="src/EnterpriseServicePortal.API/EnterprisePortal.API.csproj" />
  <Project Path="src/EnterpriseServicePortal.Application/EnterprisePortal.Application.csproj" />
  <Project Path="src/EnterpriseServicePortal.Domain/EnterprisePortal.Domain.csproj" />
  <Project Path="src/EnterpriseServicePortal.Infrastructure/EnterprisePortal.Infrastructure.csproj" />
</Solution>
